
Microsoft Visual Studio Solution File, Format Version 12.00
# Visual Studio 14
VisualStudioVersion = 14.0.23107.0
MinimumVisualStudioVersion = 10.0.40219.1
Project("{FAE04EC0-301F-11D3-BF4B-00C04F79EFBC}") = "Graph", "Graph\Graph.csproj", "{6B2A5433-3870-4CF1-8524-5352B206A366}"
EndProject
Global
	GlobalSection(SolutionConfigurationPlatforms) = preSolution
		Debug|Any CPU = Debug|Any CPU
		Release|Any CPU = Release|Any CPU
	EndGlobalSection
	GlobalSection(ProjectConfigurationPlatforms) = postSolution
		{6B2A5433-3870-4CF1-8524-5352B206A366}.Debug|Any CPU.ActiveCfg = Debug|Any CPU
		{6B2A5433-3870-4CF1-8524-5352B206A366}.Debug|Any CPU.Build.0 = Debug|Any CPU
		{6B2A5433-3870-4CF1-8524-5352B206A366}.Release|Any CPU.ActiveCfg = Release|Any CPU
		{6B2A5433-3870-4CF1-8524-5352B206A366}.Release|Any CPU.Build.0 = Release|Any CPU
	EndGlobalSection
	GlobalSection(SolutionProperties) = preSolution
		HideSolutionNode = FALSE
	EndGlobalSection
EndGlobal
